
Microsoft Visual Studio Solution File, Format Version 12.00
# Visual Studio Version 16
VisualStudioVersion = 16.0.31624.102
MinimumVisualStudioVersion = 10.0.40219.1
Project("{FAE04EC0-301F-11D3-BF4B-00C04F79EFBC}") = "RestAPITrain", "RestAPITrain.csproj", "{F98D8AFD-2C24-47BC-BD35-856B116EADBA}"
EndProject
Project("{FAE04EC0-301F-11D3-BF4B-00C04F79EFBC}") = "RestAPITrain.Domain", "..\RestAPITrain.Domain\RestAPITrain.Domain.csproj", "{B0747B7E-6F1C-4F3F-9A91-3A85BF84733D}"
EndProject
Project("{FAE04EC0-301F-11D3-BF4B-00C04F79EFBC}") = "RestAPITrain.Dapper", "..\RestAPITrain.Dapper\RestAPITrain.Dapper.csproj", "{7F60FAE7-1997-445C-B738-5F26BEC20174}"
EndProject
Global
	GlobalSection(SolutionConfigurationPlatforms) = preSolution
		Debug|Any CPU = Debug|Any CPU
		Release|Any CPU = Release|Any CPU
	EndGlobalSection
	GlobalSection(ProjectConfigurationPlatforms) = postSolution
		{F98D8AFD-2C24-47BC-BD35-856B116EADBA}.Debug|Any CPU.ActiveCfg = Debug|Any CPU
		{F98D8AFD-2C24-47BC-BD35-856B116EADBA}.Debug|Any CPU.Build.0 = Debug|Any CPU
		{F98D8AFD-2C24-47BC-BD35-856B116EADBA}.Release|Any CPU.ActiveCfg = Release|Any CPU
		{F98D8AFD-2C24-47BC-BD35-856B116EADBA}.Release|Any CPU.Build.0 = Release|Any CPU
		{B0747B7E-6F1C-4F3F-9A91-3A85BF84733D}.Debug|Any CPU.ActiveCfg = Debug|Any CPU
		{B0747B7E-6F1C-4F3F-9A91-3A85BF84733D}.Debug|Any CPU.Build.0 = Debug|Any CPU
		{B0747B7E-6F1C-4F3F-9A91-3A85BF84733D}.Release|Any CPU.ActiveCfg = Release|Any CPU
		{B0747B7E-6F1C-4F3F-9A91-3A85BF84733D}.Release|Any CPU.Build.0 = Release|Any CPU
		{7F60FAE7-1997-445C-B738-5F26BEC20174}.Debug|Any CPU.ActiveCfg = Debug|Any CPU
		{7F60FAE7-1997-445C-B738-5F26BEC20174}.Debug|Any CPU.Build.0 = Debug|Any CPU
		{7F60FAE7-1997-445C-B738-5F26BEC20174}.Release|Any CPU.ActiveCfg = Release|Any CPU
		{7F60FAE7-1997-445C-B738-5F26BEC20174}.Release|Any CPU.Build.0 = Release|Any CPU
	EndGlobalSection
	GlobalSection(SolutionProperties) = preSolution
		HideSolutionNode = FALSE
	EndGlobalSection
	GlobalSection(ExtensibilityGlobals) = postSolution
		SolutionGuid = {02FE848A-CA69-4856-B1D7-CD6A509A15B3}
	EndGlobalSection
EndGlobal
